
Microsoft Visual Studio Solution File, Format Version 12.00
# Visual Studio Version 17
VisualStudioVersion = 17.1.32407.343
MinimumVisualStudioVersion = 10.0.40219.1
Project("{9A19103F-16F7-4668-BE54-9A1E7A4F7556}") = "API", "API\API.csproj", "{6C7F528C-5B77-46A2-9393-B59F29E6E43D}"
EndProject
Project("{9A19103F-16F7-4668-BE54-9A1E7A4F7556}") = "Domain", "Domain\Domain.csproj", "{7875B556-7CAD-45F9-8948-95F5208A717D}"
EndProject
Project("{2150E333-8FDC-42A3-9474-1A3956D46DE8}") = "src", "src", "{ADD52E0E-D1BB-44AD-A9B2-AD3588616FDB}"
EndProject
Project("{FAE04EC0-301F-11D3-BF4B-00C04F79EFBC}") = "Data", "Data\Data.csproj", "{29364BB2-DB7F-469A-B5E0-E005A77DBF44}"
EndProject
Project("{FAE04EC0-301F-11D3-BF4B-00C04F79EFBC}") = "Application", "Application\Application.csproj", "{B789402A-94F9-4FE6-A60C-E9B09867A2BF}"
EndProject
Global
	GlobalSection(SolutionConfigurationPlatforms) = preSolution
		Debug|Any CPU = Debug|Any CPU
		Release|Any CPU = Release|Any CPU
	EndGlobalSection
	GlobalSection(ProjectConfigurationPlatforms) = postSolution
		{6C7F528C-5B77-46A2-9393-B59F29E6E43D}.Debug|Any CPU.ActiveCfg = Debug|Any CPU
		{6C7F528C-5B77-46A2-9393-B59F29E6E43D}.Debug|Any CPU.Build.0 = Debug|Any CPU
		{6C7F528C-5B77-46A2-9393-B59F29E6E43D}.Release|Any CPU.ActiveCfg = Release|Any CPU
		{6C7F528C-5B77-46A2-9393-B59F29E6E43D}.Release|Any CPU.Build.0 = Release|Any CPU
		{7875B556-7CAD-45F9-8948-95F5208A717D}.Debug|Any CPU.ActiveCfg = Debug|Any CPU
		{7875B556-7CAD-45F9-8948-95F5208A717D}.Debug|Any CPU.Build.0 = Debug|Any CPU
		{7875B556-7CAD-45F9-8948-95F5208A717D}.Release|Any CPU.ActiveCfg = Release|Any CPU
		{7875B556-7CAD-45F9-8948-95F5208A717D}.Release|Any CPU.Build.0 = Release|Any CPU
		{29364BB2-DB7F-469A-B5E0-E005A77DBF44}.Debug|Any CPU.ActiveCfg = Debug|Any CPU
		{29364BB2-DB7F-469A-B5E0-E005A77DBF44}.Debug|Any CPU.Build.0 = Debug|Any CPU
		{29364BB2-DB7F-469A-B5E0-E005A77DBF44}.Release|Any CPU.ActiveCfg = Release|Any CPU
		{29364BB2-DB7F-469A-B5E0-E005A77DBF44}.Release|Any CPU.Build.0 = Release|Any CPU
		{B789402A-94F9-4FE6-A60C-E9B09867A2BF}.Debug|Any CPU.ActiveCfg = Debug|Any CPU
		{B789402A-94F9-4FE6-A60C-E9B09867A2BF}.Debug|Any CPU.Build.0 = Debug|Any CPU
		{B789402A-94F9-4FE6-A60C-E9B09867A2BF}.Release|Any CPU.ActiveCfg = Release|Any CPU
		{B789402A-94F9-4FE6-A60C-E9B09867A2BF}.Release|Any CPU.Build.0 = Release|Any CPU
	EndGlobalSection
	GlobalSection(SolutionProperties) = preSolution
		HideSolutionNode = FALSE
	EndGlobalSection
	GlobalSection(NestedProjects) = preSolution
		{6C7F528C-5B77-46A2-9393-B59F29E6E43D} = {ADD52E0E-D1BB-44AD-A9B2-AD3588616FDB}
		{7875B556-7CAD-45F9-8948-95F5208A717D} = {ADD52E0E-D1BB-44AD-A9B2-AD3588616FDB}
		{29364BB2-DB7F-469A-B5E0-E005A77DBF44} = {ADD52E0E-D1BB-44AD-A9B2-AD3588616FDB}
		{B789402A-94F9-4FE6-A60C-E9B09867A2BF} = {ADD52E0E-D1BB-44AD-A9B2-AD3588616FDB}
	EndGlobalSection
	GlobalSection(ExtensibilityGlobals) = postSolution
		SolutionGuid = {2A50268C-BB6D-41F9-97F9-A1858FF355AE}
	EndGlobalSection
EndGlobal
